# This file is autogenerated, do not edit; changes may be undone by the next 'dep ensure'.


[[projects]]
  digest = "1:4b5f8c148e7fa094b73bcb6d16ea46eac7fdc726e55b81845ff96e29df534421"
  name = "github.com/garyburd/redigo"
  packages = [
    "internal",
    "redis",
  ]
  pruneopts = ""
  revision = "a69d19351219b6dd56f274f96d85a7014a2ec34e"
  version = "v1.6.0"

[[projects]]
  branch = "master"
  digest = "1:1120f960f5c334f0f94bad29eefaf73d52d226893369693686148f66c1993f15"
  name = "github.com/gin-contrib/sse"
  packages = ["."]
  pruneopts = ""
  revision = "22d885f9ecc78bf4ee5d72b937e4bbcdc58e8cae"

[[projects]]
  digest = "1:5204e7446277c9dc59fdae51d53341631be50715eb4bfbbf39ea8a505b2bf72f"
  name = "github.com/gin-gonic/gin"
  packages = [
    ".",
    "binding",
    "render",
  ]
  pruneopts = ""
  revision = "d459835d2b077e44f7c9b453505ee29881d5d12d"
  version = "v1.2"

[[projects]]
  digest = "1:dc876ae7727280d95f97af5320308131278b93d6c6f5cf953065e18cb8c88fd2"
  name = "github.com/go-sql-driver/mysql"
  packages = ["."]
  pruneopts = ""
  revision = "d523deb1b23d913de5bdada721a6071e71283618"
  version = "v1.4.0"

[[projects]]
  digest = "1:b1d3041d568e065ab4d76f7477844458e9209c0bb241eaccdc0770bf0a13b120"
  name = "github.com/golang/protobuf"
  packages = ["proto"]
  pruneopts = ""
  revision = "b4deda0973fb4c70b50d226b1af49f3da59f5265"
  version = "v1.1.0"

[[projects]]
  branch = "master"
  digest = "1:c11c0c98a497d4b9ae0dd534236468d18f247f9c13d52ddefbf4e02d33ca1f9a"
  name = "github.com/gotoeveryone/general-api"
  packages = [
    "app/application",
    "app/config",
    "app/domain",
    "app/domain/entity",
    "app/domain/repository",
    "app/handler",
    "app/infrastructure",
    "app/middleware",
  ]
  pruneopts = ""
  revision = "9502611207258c608d7d78e6af56e9777a297a32"

[[projects]]
  digest = "1:faf9d0d9096c4d3bffd6c00c0efc4e7614c3270c3e2ac6cedba8ab325e1c3ea7"
  name = "github.com/gotoeveryone/golib"
  packages = [
    ".",
    "logs",
  ]
  pruneopts = ""
  revision = "75e25db5cc8cbd27a3942484eb70e6b217aed090"
  version = "v1.1.1"

[[projects]]
  digest = "1:ef98d342d9f7771cf470498a5b9bc00989c436fa62046f2dad50f6813a5909d3"
  name = "github.com/jinzhu/gorm"
  packages = [
    ".",
    "dialects/mysql",
  ]
  pruneopts = ""
  revision = "6ed508ec6a4ecb3531899a69cbc746ccf65a4166"
  version = "v1.9.1"

[[projects]]
  branch = "master"
  digest = "1:d9a7385b84d8187fd94e0357045c6fa1147ca94caa56fdd539336c7c102fc728"
  name = "github.com/jinzhu/inflection"
  packages = ["."]
  pruneopts = ""
  revision = "04140366298a54a039076d798123ffa108fff46c"

[[projects]]
  digest = "1:78229b46ddb7434f881390029bd1af7661294af31f6802e0e1bedaad4ab0af3c"
  name = "github.com/mattn/go-isatty"
  packages = ["."]
  pruneopts = ""
  revision = "0360b2af4f38e8d38c7fce2a9f4e702702d73a39"
  version = "v0.0.3"

[[projects]]
  digest = "1:ccbc34f054a28f6326a237859395a8c4bd6bd5271196a87b79abc265406ea284"
  name = "github.com/ugorji/go"
  packages = ["codec"]
  pruneopts = ""
  revision = "b4c50a2b199d93b13dc15e78929cfb23bfdf21ab"
  version = "v1.1.1"

[[projects]]
  branch = "master"
  digest = "1:e79c3d6b195477b429f017aaa02af135249bbdff31c9acbd8a93bb37a4ef7d3b"
  name = "golang.org/x/crypto"
  packages = [
    "bcrypt",
    "blowfish",
  ]
  pruneopts = ""
  revision = "a49355c7e3f8fe157a85be2f77e6e269a0f89602"

[[projects]]
  branch = "master"
  digest = "1:a8944db88149e7ecbea4b760c625b9ccf455fceae21387bc8890c3589d28b623"
  name = "golang.org/x/sys"
  packages = ["unix"]
  pruneopts = ""
  revision = "ac767d655b305d4e9612f5f6e33120b9176c4ad4"

[[projects]]
  digest = "1:eede11c81b63c8f6fd06ef24ba0a640dc077196ec9b7a58ecde03c82eee2f151"
  name = "google.golang.org/appengine"
  packages = ["cloudsql"]
  pruneopts = ""
  revision = "b1f26356af11148e710935ed1ac8a7f5702c7612"
  version = "v1.1.0"

[[projects]]
  digest = "1:e7a1ae27d7b271b397e147b79bf7c089a404155a55ff247b641e81df163f23f7"
  name = "gopkg.in/go-playground/validator.v8"
  packages = ["."]
  pruneopts = ""
  revision = "5f1438d3fca68893a817e4a66806cea46a9e4ebf"
  version = "v8.18.2"

[[projects]]
  digest = "1:f0620375dd1f6251d9973b5f2596228cc8042e887cd7f827e4220bc1ce8c30e2"
  name = "gopkg.in/yaml.v2"
  packages = ["."]
  pruneopts = ""
  revision = "5420a8b6744d3b0345ab293f6fcba19c978f1183"
  version = "v2.2.1"

[solve-meta]
  analyzer-name = "dep"
  analyzer-version = 1
  input-imports = [
    "github.com/garyburd/redigo/redis",
    "github.com/gin-gonic/gin",
    "github.com/gin-gonic/gin/binding",
    "github.com/gotoeveryone/general-api/app/config",
    "github.com/gotoeveryone/general-api/app/domain/entity",
    "github.com/gotoeveryone/general-api/app/domain/repository",
    "github.com/gotoeveryone/general-api/app/handler",
    "github.com/gotoeveryone/general-api/app/infrastructure",
    "github.com/gotoeveryone/general-api/app/middleware",
    "github.com/gotoeveryone/golib",
    "github.com/gotoeveryone/golib/logs",
    "github.com/jinzhu/gorm",
    "github.com/jinzhu/gorm/dialects/mysql",
    "golang.org/x/crypto/bcrypt",
    "gopkg.in/go-playground/validator.v8",
  ]
  solver-name = "gps-cdcl"
  solver-version = 1
